
Microsoft Visual Studio Solution File, Format Version 12.00
# Visual Studio Version 16
VisualStudioVersion = 16.0.30320.27
MinimumVisualStudioVersion = 10.0.40219.1
Project("{FAE04EC0-301F-11D3-BF4B-00C04F79EFBC}") = "COMP123-SEC-001 ASSIGNMENT-3-Aditi", "COMP123-SEC-001 ASSIGNMENT-3-Aditi\COMP123-SEC-001 ASSIGNMENT-3-Aditi.csproj", "{43C0685E-D4E3-4B56-BA3B-335A83C306D8}"
EndProject
Global
	GlobalSection(SolutionConfigurationPlatforms) = preSolution
		Debug|Any CPU = Debug|Any CPU
		Release|Any CPU = Release|Any CPU
	EndGlobalSection
	GlobalSection(ProjectConfigurationPlatforms) = postSolution
		{43C0685E-D4E3-4B56-BA3B-335A83C306D8}.Debug|Any CPU.ActiveCfg = Debug|Any CPU
		{43C0685E-D4E3-4B56-BA3B-335A83C306D8}.Debug|Any CPU.Build.0 = Debug|Any CPU
		{43C0685E-D4E3-4B56-BA3B-335A83C306D8}.Release|Any CPU.ActiveCfg = Release|Any CPU
		{43C0685E-D4E3-4B56-BA3B-335A83C306D8}.Release|Any CPU.Build.0 = Release|Any CPU
	EndGlobalSection
	GlobalSection(SolutionProperties) = preSolution
		HideSolutionNode = FALSE
	EndGlobalSection
	GlobalSection(ExtensibilityGlobals) = postSolution
		SolutionGuid = {61E0A648-3DDD-4CEF-BC7A-7B0609DAB05B}
	EndGlobalSection
EndGlobal
